{"projectHash":"2e9a860a829fbdb5c7a85234611a47b123bd2d55","productModuleName":"CryptoTests","mockedTypeNames":["\/Users\/rilwanulhuda\/Projects\/Crypto-MVVM\/CryptoTests\/CryptoTests.swift",["NetworkService"],"\/Users\/rilwanulhuda\/Projects\/Crypto-MVVM\/CryptoTests\/NewsTests.swift",[],"\/Users\/rilwanulhuda\/Projects\/Crypto-MVVM\/CryptoTests\/HomeTests.swift",["HomeManager"]],"cliVersion":"0.16.0","configHash":"a7da52803a1cd6fcc022bf11003581498b1173a0","sourceRoot":"\/Users\/rilwanulhuda\/Projects\/Crypto-MVVM","sourceFilePaths":[{"path":"\/Users\/rilwanulhuda\/Projects\/Crypto-MVVM\/CryptoTests\/CryptoTests.swift","hash":"9c048016f061ec2b64a1fcb17baa6fce31dd86a9"},{"path":"\/Users\/rilwanulhuda\/Projects\/Crypto-MVVM\/CryptoTests\/HomeTests.swift","hash":"d4d308bd001a66e34172fa3b930329141718414b"},{"path":"\/Users\/rilwanulhuda\/Projects\/Crypto-MVVM\/CryptoTests\/NewsTests.swift","hash":"573c8a5ee3c01f95d1c09ee428570fe0746eb95c"},{"path":"\/Users\/rilwanulhuda\/Projects\/Crypto-MVVM\/MockingbirdMocks\/CryptoTests-CryptoMocks.generated.swift","hash":"b29a57cac48606c8a71833130056fadb0bb509f8"}],"dependencies":[],"name":"CryptoTests"}