{"projectHash":"75f582dfe021571f7eb4cbea9edb71f2efdfafc1","productModuleName":"CryptoTests","mockedTypeNames":["\/Users\/rilwanulhuda\/Projects\/Crypto-MVVM\/CryptoTests\/CryptoTests.swift",["NetworkService"],"\/Users\/rilwanulhuda\/Projects\/Crypto-MVVM\/CryptoTests\/NewsTests.swift",["NewsManager"],"\/Users\/rilwanulhuda\/Projects\/Crypto-MVVM\/CryptoTests\/HomeTests.swift",["WSService","HomeManager"]],"cliVersion":"0.16.0","configHash":"a7da52803a1cd6fcc022bf11003581498b1173a0","sourceRoot":"\/Users\/rilwanulhuda\/Projects\/Crypto-MVVM","sourceFilePaths":[{"path":"\/Users\/rilwanulhuda\/Projects\/Crypto-MVVM\/CryptoTests\/CryptoTests.swift","hash":"9c048016f061ec2b64a1fcb17baa6fce31dd86a9"},{"path":"\/Users\/rilwanulhuda\/Projects\/Crypto-MVVM\/CryptoTests\/HomeTests.swift","hash":"442d4388125f328b15ba70a65bf62ff7d7d2981c"},{"path":"\/Users\/rilwanulhuda\/Projects\/Crypto-MVVM\/CryptoTests\/NewsTests.swift","hash":"73f072a9cf7c806366dbd79694e9309fca8bdb46"},{"path":"\/Users\/rilwanulhuda\/Projects\/Crypto-MVVM\/MockingbirdMocks\/CryptoTests-CryptoMocks.generated.swift","hash":"324a8f091f17d8f855224e8abad6725f2277892d"}],"dependencies":[],"name":"CryptoTests"}