{"projectHash":"75f582dfe021571f7eb4cbea9edb71f2efdfafc1","productModuleName":"CryptoTests","mockedTypeNames":["\/Users\/rilwanulhuda\/Projects\/Crypto-MVVM\/CryptoTests\/CryptoTests.swift",["NetworkService"],"\/Users\/rilwanulhuda\/Projects\/Crypto-MVVM\/CryptoTests\/NewsTests.swift",[],"\/Users\/rilwanulhuda\/Projects\/Crypto-MVVM\/CryptoTests\/HomeTests.swift",["HomeManager","WSService"]],"cliVersion":"0.16.0","configHash":"a7da52803a1cd6fcc022bf11003581498b1173a0","sourceRoot":"\/Users\/rilwanulhuda\/Projects\/Crypto-MVVM","sourceFilePaths":[{"path":"\/Users\/rilwanulhuda\/Projects\/Crypto-MVVM\/CryptoTests\/CryptoTests.swift","hash":"9c048016f061ec2b64a1fcb17baa6fce31dd86a9"},{"path":"\/Users\/rilwanulhuda\/Projects\/Crypto-MVVM\/CryptoTests\/HomeTests.swift","hash":"442d4388125f328b15ba70a65bf62ff7d7d2981c"},{"path":"\/Users\/rilwanulhuda\/Projects\/Crypto-MVVM\/CryptoTests\/NewsTests.swift","hash":"573c8a5ee3c01f95d1c09ee428570fe0746eb95c"},{"path":"\/Users\/rilwanulhuda\/Projects\/Crypto-MVVM\/MockingbirdMocks\/CryptoTests-CryptoMocks.generated.swift","hash":"548aa36d11c67e888a60a6b2fdaf58a99f61d590"}],"dependencies":[],"name":"CryptoTests"}